
Microsoft Visual Studio Solution File, Format Version 12.00
# Visual Studio Version 17
VisualStudioVersion = 17.9.34616.47
MinimumVisualStudioVersion = 10.0.40219.1
Project("{FAE04EC0-301F-11D3-BF4B-00C04F79EFBC}") = "tpmodul4_1302223025", "tpmodul4_1302223025\tpmodul4_1302223025.csproj", "{8EB27D6B-3300-4F5E-902D-85C60C1912FE}"
EndProject
Global
	GlobalSection(SolutionConfigurationPlatforms) = preSolution
		Debug|Any CPU = Debug|Any CPU
		Release|Any CPU = Release|Any CPU
	EndGlobalSection
	GlobalSection(ProjectConfigurationPlatforms) = postSolution
		{8EB27D6B-3300-4F5E-902D-85C60C1912FE}.Debug|Any CPU.ActiveCfg = Debug|Any CPU
		{8EB27D6B-3300-4F5E-902D-85C60C1912FE}.Debug|Any CPU.Build.0 = Debug|Any CPU
		{8EB27D6B-3300-4F5E-902D-85C60C1912FE}.Release|Any CPU.ActiveCfg = Release|Any CPU
		{8EB27D6B-3300-4F5E-902D-85C60C1912FE}.Release|Any CPU.Build.0 = Release|Any CPU
	EndGlobalSection
	GlobalSection(SolutionProperties) = preSolution
		HideSolutionNode = FALSE
	EndGlobalSection
	GlobalSection(ExtensibilityGlobals) = postSolution
		SolutionGuid = {47D01D89-BAA6-4DC7-B239-F150EF52E46B}
	EndGlobalSection
EndGlobal
