
Microsoft Visual Studio Solution File, Format Version 12.00
# Visual Studio Version 17
VisualStudioVersion = 17.9.34616.47
MinimumVisualStudioVersion = 10.0.40219.1
Project("{FAE04EC0-301F-11D3-BF4B-00C04F79EFBC}") = "tpmodul5_1302223025", "tpmodul5_1302223025\tpmodul5_1302223025.csproj", "{06F31F8C-47A5-457D-8489-3EAC41CCE931}"
EndProject
Global
	GlobalSection(SolutionConfigurationPlatforms) = preSolution
		Debug|Any CPU = Debug|Any CPU
		Release|Any CPU = Release|Any CPU
	EndGlobalSection
	GlobalSection(ProjectConfigurationPlatforms) = postSolution
		{06F31F8C-47A5-457D-8489-3EAC41CCE931}.Debug|Any CPU.ActiveCfg = Debug|Any CPU
		{06F31F8C-47A5-457D-8489-3EAC41CCE931}.Debug|Any CPU.Build.0 = Debug|Any CPU
		{06F31F8C-47A5-457D-8489-3EAC41CCE931}.Release|Any CPU.ActiveCfg = Release|Any CPU
		{06F31F8C-47A5-457D-8489-3EAC41CCE931}.Release|Any CPU.Build.0 = Release|Any CPU
	EndGlobalSection
	GlobalSection(SolutionProperties) = preSolution
		HideSolutionNode = FALSE
	EndGlobalSection
	GlobalSection(ExtensibilityGlobals) = postSolution
		SolutionGuid = {8B0212AA-B1EB-4398-BFEF-8AE3A6D991D4}
	EndGlobalSection
EndGlobal
